{
  "name": "agent-skills",
  "lockfileVersion": 3,
  "requires": true,
  "packages": {
    "": {
      "dependencies": {
        "@open330/agt": "^2026.4.7"
      }
    },
    "node_modules/@open330/agt": {
      "version": "2026.4.7",
      "resolved": "https://registry.npmjs.org/@open330/agt/-/agt-2026.4.7.tgz",
      "integrity": "sha512-alfo6d6TxAM+vTJJvxop9Pz1MfF9s9deik4IRAWUDy+Er5wyvArR3jCs+kuJsh/A9uGiZCTdlJ8AiieOnydOcg==",
      "hasInstallScript": true,
      "license": "MIT",
      "bin": {
        "agt": "bin/agt.js"
      },
      "optionalDependencies": {
        "@open330/agt-darwin-arm64": "2026.4.7",
        "@open330/agt-linux-arm64": "2026.4.7",
        "@open330/agt-linux-x64": "2026.4.7"
      }
    },
    "node_modules/@open330/agt-darwin-arm64": {
      "version": "2026.4.7",
      "resolved": "https://registry.npmjs.org/@open330/agt-darwin-arm64/-/agt-darwin-arm64-2026.4.7.tgz",
      "integrity": "sha512-s189DE6pHvR+6B5JIXQ4wqlQocx5WA2qBwsPqPQ9IpDc8Q4ntTDceeopVereSohSaY/XH2NdAsn+1hZ7BpQIQA==",
      "cpu": [
        "arm64"
      ],
      "license": "MIT",
      "optional": true,
      "os": [
        "darwin"
      ],
      "bin": {
        "agt": "bin/agt"
      }
    },
    "node_modules/@open330/agt-linux-arm64": {
      "version": "2026.4.7",
      "resolved": "https://registry.npmjs.org/@open330/agt-linux-arm64/-/agt-linux-arm64-2026.4.7.tgz",
      "integrity": "sha512-SLyHPhTsw2MI3jqZxbuexvoBlNpaA2tlfgjDUBEzgnynAH2mGdrlqdiT5xKkeqE20sU8E9C68WLQr6iCHBK5Uw==",
      "cpu": [
        "arm64"
      ],
      "license": "MIT",
      "optional": true,
      "os": [
        "linux"
      ],
      "bin": {
        "agt": "bin/agt"
      }
    },
    "node_modules/@open330/agt-linux-x64": {
      "version": "2026.4.7",
      "resolved": "https://registry.npmjs.org/@open330/agt-linux-x64/-/agt-linux-x64-2026.4.7.tgz",
      "integrity": "sha512-1oeGHVijpFBF84tGn2gL2PtVIULn9dtNFT5ZAixXsEQWw+V8QszOvYwsZBDXR+3KgNZUjHZw136cUtMnPoBpIA==",
      "cpu": [
        "x64"
      ],
      "license": "MIT",
      "optional": true,
      "os": [
        "linux"
      ],
      "bin": {
        "agt": "bin/agt"
      }
    }
  }
}
